
Microsoft Visual Studio Solution File, Format Version 12.00
# Visual Studio Version 17
VisualStudioVersion = 17.1.32328.378
MinimumVisualStudioVersion = 10.0.40219.1
Project("{FAE04EC0-301F-11D3-BF4B-00C04F79EFBC}") = "weekend-assignment", "weekend-assignment\weekend-assignment.csproj", "{F1B2999B-F545-4940-8EB7-82BB9C3FCFB9}"
EndProject
Global
	GlobalSection(SolutionConfigurationPlatforms) = preSolution
		Debug|Any CPU = Debug|Any CPU
		Release|Any CPU = Release|Any CPU
	EndGlobalSection
	GlobalSection(ProjectConfigurationPlatforms) = postSolution
		{F1B2999B-F545-4940-8EB7-82BB9C3FCFB9}.Debug|Any CPU.ActiveCfg = Debug|Any CPU
		{F1B2999B-F545-4940-8EB7-82BB9C3FCFB9}.Debug|Any CPU.Build.0 = Debug|Any CPU
		{F1B2999B-F545-4940-8EB7-82BB9C3FCFB9}.Release|Any CPU.ActiveCfg = Release|Any CPU
		{F1B2999B-F545-4940-8EB7-82BB9C3FCFB9}.Release|Any CPU.Build.0 = Release|Any CPU
	EndGlobalSection
	GlobalSection(SolutionProperties) = preSolution
		HideSolutionNode = FALSE
	EndGlobalSection
	GlobalSection(ExtensibilityGlobals) = postSolution
		SolutionGuid = {B4CC237F-76DA-4520-88A4-17A3D56C6304}
	EndGlobalSection
EndGlobal
